{
  "name": "bpe-lite",
  "version": "0.5.1",
  "lockfileVersion": 3,
  "requires": true,
  "packages": {
    "": {
      "name": "bpe-lite",
      "version": "0.5.1",
      "license": "MIT",
      "devDependencies": {
        "ai-tokenizer": "^1.0.6",
        "gpt-tokenizer": "^3.4.0",
        "js-tiktoken": "^1.0.21"
      }
    },
    "node_modules/ai-tokenizer": {
      "version": "1.0.6",
      "resolved": "https://registry.npmjs.org/ai-tokenizer/-/ai-tokenizer-1.0.6.tgz",
      "integrity": "sha512-GaakQFxen0pRH/HIA4v68ZM40llCH27HUYUSBLK+gVuZ57e53pYJe1xFvSTj4sJJjbWU92m1X6NjPWyeWkFDow==",
      "dev": true,
      "license": "MIT",
      "peerDependencies": {
        "ai": "^5.0.0"
      },
      "peerDependenciesMeta": {
        "ai": {
          "optional": true
        }
      }
    },
    "node_modules/base64-js": {
      "version": "1.5.1",
      "resolved": "https://registry.npmjs.org/base64-js/-/base64-js-1.5.1.tgz",
      "integrity": "sha512-AKpaYlHn8t4SVbOHCy+b5+KKgvR4vrsD8vbvrbiQJps7fKDTkjkDry6ji0rUJjC0kzbNePLwzxq8iypo41qeWA==",
      "dev": true,
      "funding": [
        {
          "type": "github",
          "url": "https://github.com/sponsors/feross"
        },
        {
          "type": "patreon",
          "url": "https://www.patreon.com/feross"
        },
        {
          "type": "consulting",
          "url": "https://feross.org/support"
        }
      ],
      "license": "MIT"
    },
    "node_modules/gpt-tokenizer": {
      "version": "3.4.0",
      "resolved": "https://registry.npmjs.org/gpt-tokenizer/-/gpt-tokenizer-3.4.0.tgz",
      "integrity": "sha512-wxFLnhIXTDjYebd9A9pGl3e31ZpSypbpIJSOswbgop5jLte/AsZVDvjlbEuVFlsqZixVKqbcoNmRlFDf6pz/UQ==",
      "dev": true,
      "license": "MIT"
    },
    "node_modules/js-tiktoken": {
      "version": "1.0.21",
      "resolved": "https://registry.npmjs.org/js-tiktoken/-/js-tiktoken-1.0.21.tgz",
      "integrity": "sha512-biOj/6M5qdgx5TKjDnFT1ymSpM5tbd3ylwDtrQvFQSu0Z7bBYko2dF+W/aUkXUPuk6IVpRxk/3Q2sHOzGlS36g==",
      "dev": true,
      "license": "MIT",
      "dependencies": {
        "base64-js": "^1.5.1"
      }
    }
  }
}
